
Microsoft Visual Studio Solution File, Format Version 12.00
# Visual Studio Version 17
VisualStudioVersion = 17.11.35312.102
MinimumVisualStudioVersion = 10.0.40219.1
Project("{FAE04EC0-301F-11D3-BF4B-00C04F79EFBC}") = "TrainingSystem", "TrainingSystem\TrainingSystem.csproj", "{BDE4481C-7598-492B-B3FA-9CCB444304AE}"
EndProject
Global
	GlobalSection(SolutionConfigurationPlatforms) = preSolution
		Debug|Any CPU = Debug|Any CPU
		Release|Any CPU = Release|Any CPU
	EndGlobalSection
	GlobalSection(ProjectConfigurationPlatforms) = postSolution
		{BDE4481C-7598-492B-B3FA-9CCB444304AE}.Debug|Any CPU.ActiveCfg = Debug|Any CPU
		{BDE4481C-7598-492B-B3FA-9CCB444304AE}.Debug|Any CPU.Build.0 = Debug|Any CPU
		{BDE4481C-7598-492B-B3FA-9CCB444304AE}.Release|Any CPU.ActiveCfg = Release|Any CPU
		{BDE4481C-7598-492B-B3FA-9CCB444304AE}.Release|Any CPU.Build.0 = Release|Any CPU
	EndGlobalSection
	GlobalSection(SolutionProperties) = preSolution
		HideSolutionNode = FALSE
	EndGlobalSection
	GlobalSection(ExtensibilityGlobals) = postSolution
		SolutionGuid = {BA93A166-C3D7-496B-BE8C-F01C68E6FE0E}
	EndGlobalSection
EndGlobal
